
Microsoft Visual Studio Solution File, Format Version 12.00
# Visual Studio Version 17
VisualStudioVersion = 17.7.34024.191
MinimumVisualStudioVersion = 10.0.40219.1
Project("{FAE04EC0-301F-11D3-BF4B-00C04F79EFBC}") = "InheritanceMiniProject", "InheritanceMiniProject\InheritanceMiniProject.csproj", "{AD635D96-79AA-4833-ADBC-82E9F31BF5B9}"
EndProject
Global
	GlobalSection(SolutionConfigurationPlatforms) = preSolution
		Debug|Any CPU = Debug|Any CPU
		Release|Any CPU = Release|Any CPU
	EndGlobalSection
	GlobalSection(ProjectConfigurationPlatforms) = postSolution
		{AD635D96-79AA-4833-ADBC-82E9F31BF5B9}.Debug|Any CPU.ActiveCfg = Debug|Any CPU
		{AD635D96-79AA-4833-ADBC-82E9F31BF5B9}.Debug|Any CPU.Build.0 = Debug|Any CPU
		{AD635D96-79AA-4833-ADBC-82E9F31BF5B9}.Release|Any CPU.ActiveCfg = Release|Any CPU
		{AD635D96-79AA-4833-ADBC-82E9F31BF5B9}.Release|Any CPU.Build.0 = Release|Any CPU
	EndGlobalSection
	GlobalSection(SolutionProperties) = preSolution
		HideSolutionNode = FALSE
	EndGlobalSection
	GlobalSection(ExtensibilityGlobals) = postSolution
		SolutionGuid = {A65321CB-5354-48C9-AB12-C79854286358}
	EndGlobalSection
EndGlobal
